// !$*UTF8*$!
{
	archiveVersion = 1;
	classes = {
	};
	objectVersion = 50;
	objects = {

/* Begin PBXBuildFile section */
		8732267D210834B1004ED794 /* AppDelegate.swift in Sources */ = {isa = PBXBuildFile; fileRef = 8732267C210834B1004ED794 /* AppDelegate.swift */; };
		8732267F210834B1004ED794 /* ViewController.swift in Sources */ = {isa = PBXBuildFile; fileRef = 8732267E210834B1004ED794 /* ViewController.swift */; };
		87322682210834B1004ED794 /* Main.storyboard in Resources */ = {isa = PBXBuildFile; fileRef = 87322680210834B1004ED794 /* Main.storyboard */; };
		87322684210834B2004ED794 /* Assets.xcassets in Resources */ = {isa = PBXBuildFile; fileRef = 87322683210834B2004ED794 /* Assets.xcassets */; };
		87322687210834B2004ED794 /* LaunchScreen.storyboard in Resources */ = {isa = PBXBuildFile; fileRef = 87322685210834B2004ED794 /* LaunchScreen.storyboard */; };
		8732268F21083516004ED794 /* MKTableStatusBackgroundView.swift in Sources */ = {isa = PBXBuildFile; fileRef = 8732268E21083516004ED794 /* MKTableStatusBackgroundView.swift */; };
/* End PBXBuildFile section */

/* Begin PBXFileReference section */
		87322679210834B1004ED794 /* MKTableStatusBackgroundViewExample.app */ = {isa = PBXFileReference; explicitFileType = wrapper.application; includeInIndex = 0; path = MKTableStatusBackgroundViewExample.app; sourceTree = BUILT_PRODUCTS_DIR; };
		8732267C210834B1004ED794 /* AppDelegate.swift */ = {isa = PBXFileReference; lastKnownFileType = sourcecode.swift; path = AppDelegate.swift; sourceTree = "<group>"; };
		8732267E210834B1004ED794 /* ViewController.swift */ = {isa = PBXFileReference; lastKnownFileType = sourcecode.swift; path = ViewController.swift; sourceTree = "<group>"; };
		87322681210834B1004ED794 /* Base */ = {isa = PBXFileReference; lastKnownFileType = file.storyboard; name = Base; path = Base.lproj/Main.storyboard; sourceTree = "<group>"; };
		87322683210834B2004ED794 /* Assets.xcassets */ = {isa = PBXFileReference; lastKnownFileType = folder.assetcatalog; path = Assets.xcassets; sourceTree = "<group>"; };
		87322686210834B2004ED794 /* Base */ = {isa = PBXFileReference; lastKnownFileType = file.storyboard; name = Base; path = Base.lproj/LaunchScreen.storyboard; sourceTree = "<group>"; };
		87322688210834B2004ED794 /* Info.plist */ = {isa = PBXFileReference; lastKnownFileType = text.plist.xml; path = Info.plist; sourceTree = "<group>"; };
		8732268E21083516004ED794 /* MKTableStatusBackgroundView.swift */ = {isa = PBXFileReference; fileEncoding = 4; lastKnownFileType = sourcecode.swift; path = MKTableStatusBackgroundView.swift; sourceTree = "<group>"; };
/* End PBXFileReference section */

/* Begin PBXFrameworksBuildPhase section */
		87322676210834B1004ED794 /* Frameworks */ = {
			isa = PBXFrameworksBuildPhase;
			buildActionMask = 2147483647;
			files = (
			);
			runOnlyForDeploymentPostprocessing = 0;
		};
/* End PBXFrameworksBuildPhase section */

/* Begin PBXGroup section */
		87322670210834B1004ED794 = {
			isa = PBXGroup;
			children = (
				8732267B210834B1004ED794 /* MKTableStatusBackgroundViewExample */,
				8732267A210834B1004ED794 /* Products */,
			);
			sourceTree = "<group>";
		};
		8732267A210834B1004ED794 /* Products */ = {
			isa = PBXGroup;
			children = (
				87322679210834B1004ED794 /* MKTableStatusBackgroundViewExample.app */,
			);
			name = Products;
			sourceTree = "<group>";
		};
		8732267B210834B1004ED794 /* MKTableStatusBackgroundViewExample */ = {
			isa = PBXGroup;
			children = (
				8732267C210834B1004ED794 /* AppDelegate.swift */,
				8732268E21083516004ED794 /* MKTableStatusBackgroundView.swift */,
				8732267E210834B1004ED794 /* ViewController.swift */,
				87322680210834B1004ED794 /* Main.storyboard */,
				87322683210834B2004ED794 /* Assets.xcassets */,
				87322685210834B2004ED794 /* LaunchScreen.storyboard */,
				87322688210834B2004ED794 /* Info.plist */,
			);
			path = MKTableStatusBackgroundViewExample;
			sourceTree = "<group>";
		};
/* End PBXGroup section */

/* Begin PBXNativeTarget section */
		87322678210834B1004ED794 /* MKTableStatusBackgroundViewExample */ = {
			isa = PBXNativeTarget;
			buildConfigurationList = 8732268B210834B2004ED794 /* Build configuration list for PBXNativeTarget "MKTableStatusBackgroundViewExample" */;
			buildPhases = (
				87322675210834B1004ED794 /* Sources */,
				87322676210834B1004ED794 /* Frameworks */,
				87322677210834B1004ED794 /* Resources */,
			);
			buildRules = (
			);
			dependencies = (
			);
			name = MKTableStatusBackgroundViewExample;
			productName = MKTableStatusBackgroundViewExample;
			productReference = 87322679210834B1004ED794 /* MKTableStatusBackgroundViewExample.app */;
			productType = "com.apple.product-type.application";
		};
/* End PBXNativeTarget section */

/* Begin PBXProject section */
		87322671210834B1004ED794 /* Project object */ = {
			isa = PBXProject;
			attributes = {
				LastSwiftUpdateCheck = 0940;
				LastUpgradeCheck = 0940;
				ORGANIZATIONNAME = "Mike Konapelsky";
				TargetAttributes = {
					87322678210834B1004ED794 = {
						CreatedOnToolsVersion = 9.4.1;
					};
				};
			};
			buildConfigurationList = 87322674210834B1004ED794 /* Build configuration list for PBXProject "MKTableStatusBackgroundViewExample" */;
			compatibilityVersion = "Xcode 9.3";
			developmentRegion = en;
			hasScannedForEncodings = 0;
			knownRegions = (
				en,
				Base,
			);
			mainGroup = 87322670210834B1004ED794;
			productRefGroup = 8732267A210834B1004ED794 /* Products */;
			projectDirPath = "";
			projectRoot = "";
			targets = (
				87322678210834B1004ED794 /* MKTableStatusBackgroundViewExample */,
			);
		};
/* End PBXProject section */

/* Begin PBXResourcesBuildPhase section */
		87322677210834B1004ED794 /* Resources */ = {
			isa = PBXResourcesBuildPhase;
			buildActionMask = 2147483647;
			files = (
				87322687210834B2004ED794 /* LaunchScreen.storyboard in Resources */,
				87322684210834B2004ED794 /* Assets.xcassets in Resources */,
				87322682210834B1004ED794 /* Main.storyboard in Resources */,
			);
			runOnlyForDeploymentPostprocessing = 0;
		};
/* End PBXResourcesBuildPhase section */

/* Begin PBXSourcesBuildPhase section */
		87322675210834B1004ED794 /* Sources */ = {
			isa = PBXSourcesBuildPhase;
			buildActionMask = 2147483647;
			files = (
				8732267F210834B1004ED794 /* ViewController.swift in Sources */,
				8732267D210834B1004ED794 /* AppDelegate.swift in Sources */,
				8732268F21083516004ED794 /* MKTableStatusBackgroundView.swift in Sources */,
			);
			runOnlyForDeploymentPostprocessing = 0;
		};
/* End PBXSourcesBuildPhase section */

/* Begin PBXVariantGroup section */
		87322680210834B1004ED794 /* Main.storyboard */ = {
			isa = PBXVariantGroup;
			children = (
				87322681210834B1004ED794 /* Base */,
			);
			name = Main.storyboard;
			sourceTree = "<group>";
		};
		87322685210834B2004ED794 /* LaunchScreen.storyboard */ = {
			isa = PBXVariantGroup;
			children = (
				87322686210834B2004ED794 /* Base */,
			);
			name = LaunchScreen.storyboard;
			sourceTree = "<group>";
		};
/* End PBXVariantGroup section */

/* Begin XCBuildConfiguration section */
		87322689210834B2004ED794 /* Debug */ = {
			isa = XCBuildConfiguration;
			buildSettings = {
				ALWAYS_SEARCH_USER_PATHS = NO;
				CLANG_ANALYZER_NONNULL = YES;
				CLANG_ANALYZER_NUMBER_OBJECT_CONVERSION = YES_AGGRESSIVE;
				CLANG_CXX_LANGUAGE_STANDARD = "gnu++14";
				CLANG_CXX_LIBRARY = "libc++";
				CLANG_ENABLE_MODULES = YES;
				CLANG_ENABLE_OBJC_ARC = YES;
				CLANG_ENABLE_OBJC_WEAK = YES;
				CLANG_WARN_BLOCK_CAPTURE_AUTORELEASING = YES;
				CLANG_WARN_BOOL_CONVERSION = YES;
				CLANG_WARN_COMMA = YES;
				CLANG_WARN_CONSTANT_CONVERSION = YES;
				CLANG_WARN_DEPRECATED_OBJC_IMPLEMENTATIONS = YES;
				CLANG_WARN_DIRECT_OBJC_ISA_USAGE = YES_ERROR;
				CLANG_WARN_DOCUMENTATION_COMMENTS = YES;
				CLANG_WARN_EMPTY_BODY = YES;
				CLANG_WARN_ENUM_CONVERSION = YES;
				CLANG_WARN_INFINITE_RECURSION = YES;
				CLANG_WARN_INT_CONVERSION = YES;
				CLANG_WARN_NON_LITERAL_NULL_CONVERSION = YES;
				CLANG_WARN_OBJC_IMPLICIT_RETAIN_SELF = YES;
				CLANG_WARN_OBJC_LITERAL_CONVERSION = YES;
				CLANG_WARN_OBJC_ROOT_CLASS = YES_ERROR;
				CLANG_WARN_RANGE_LOOP_ANALYSIS = YES;
				CLANG_WARN_STRICT_PROTOTYPES = YES;
				CLANG_WARN_SUSPICIOUS_MOVE = YES;
				CLANG_WARN_UNGUARDED_AVAILABILITY = YES_AGGRESSIVE;
				CLANG_WARN_UNREACHABLE_CODE = YES;
				CLANG_WARN__DUPLICATE_METHOD_MATCH = YES;
				CODE_SIGN_IDENTITY = "iPhone Developer";
				COPY_PHASE_STRIP = NO;
				DEBUG_INFORMATION_FORMAT = dwarf;
				ENABLE_STRICT_OBJC_MSGSEND = YES;
				ENABLE_TESTABILITY = YES;
				GCC_C_LANGUAGE_STANDARD = gnu11;
				GCC_DYNAMIC_NO_PIC = NO;
				GCC_NO_COMMON_BLOCKS = YES;
				GCC_OPTIMIZATION_LEVEL = 0;
				GCC_PREPROCESSOR_DEFINITIONS = (
					"DEBUG=1",
					"$(inherited)",
				);
				GCC_WARN_64_TO_32_BIT_CONVERSION = YES;
				GCC_WARN_ABOUT_RETURN_TYPE = YES_ERROR;
				GCC_WARN_UNDECLARED_SELECTOR = YES;
				GCC_WARN_UNINITIALIZED_AUTOS = YES_AGGRESSIVE;
				GCC_WARN_UNUSED_FUNCTION = YES;
				GCC_WARN_UNUSED_VARIABLE = YES;
				IPHONEOS_DEPLOYMENT_TARGET = 11.4;
				MTL_ENABLE_DEBUG_INFO = YES;
				ONLY_ACTIVE_ARCH = YES;
				SDKROOT = iphoneos;
				SWIFT_ACTIVE_COMPILATION_CONDITIONS = DEBUG;
				SWIFT_OPTIMIZATION_LEVEL = "-Onone";
			};
			name = Debug;
		};
		8732268A210834B2004ED794 /* Release */ = {
			isa = XCBuildConfiguration;
			buildSettings = {
				ALWAYS_SEARCH_USER_PATHS = NO;
				CLANG_ANALYZER_NONNULL = YES;
				CLANG_ANALYZER_NUMBER_OBJECT_CONVERSION = YES_AGGRESSIVE;
				CLANG_CXX_LANGUAGE_STANDARD = "gnu++14";
				CLANG_CXX_LIBRARY = "libc++";
				CLANG_ENABLE_MODULES = YES;
				CLANG_ENABLE_OBJC_ARC = YES;
				CLANG_ENABLE_OBJC_WEAK = YES;
				CLANG_WARN_BLOCK_CAPTURE_AUTORELEASING = YES;
				CLANG_WARN_BOOL_CONVERSION = YES;
				CLANG_WARN_COMMA = YES;
				CLANG_WARN_CONSTANT_CONVERSION = YES;
				CLANG_WARN_DEPRECATED_OBJC_IMPLEMENTATIONS = YES;
				CLANG_WARN_DIRECT_OBJC_ISA_USAGE = YES_ERROR;
				CLANG_WARN_DOCUMENTATION_COMMENTS = YES;
				CLANG_WARN_EMPTY_BODY = YES;
				CLANG_WARN_ENUM_CONVERSION = YES;
				CLANG_WARN_INFINITE_RECURSION = YES;
				CLANG_WARN_INT_CONVERSION = YES;
				CLANG_WARN_NON_LITERAL_NULL_CONVERSION = YES;
				CLANG_WARN_OBJC_IMPLICIT_RETAIN_SELF = YES;
				CLANG_WARN_OBJC_LITERAL_CONVERSION = YES;
				CLANG_WARN_OBJC_ROOT_CLASS = YES_ERROR;
				CLANG_WARN_RANGE_LOOP_ANALYSIS = YES;
				CLANG_WARN_STRICT_PROTOTYPES = YES;
				CLANG_WARN_SUSPICIOUS_MOVE = YES;
				CLANG_WARN_UNGUARDED_AVAILABILITY = YES_AGGRESSIVE;
				CLANG_WARN_UNREACHABLE_CODE = YES;
				CLANG_WARN__DUPLICATE_METHOD_MATCH = YES;
				CODE_SIGN_IDENTITY = "iPhone Developer";
				COPY_PHASE_STRIP = NO;
				DEBUG_INFORMATION_FORMAT = "dwarf-with-dsym";
				ENABLE_NS_ASSERTIONS = NO;
				ENABLE_STRICT_OBJC_MSGSEND = YES;
				GCC_C_LANGUAGE_STANDARD = gnu11;
				GCC_NO_COMMON_BLOCKS = YES;
				GCC_WARN_64_TO_32_BIT_CONVERSION = YES;
				GCC_WARN_ABOUT_RETURN_TYPE = YES_ERROR;
				GCC_WARN_UNDECLARED_SELECTOR = YES;
				GCC_WARN_UNINITIALIZED_AUTOS = YES_AGGRESSIVE;
				GCC_WARN_UNUSED_FUNCTION = YES;
				GCC_WARN_UNUSED_VARIABLE = YES;
				IPHONEOS_DEPLOYMENT_TARGET = 11.4;
				MTL_ENABLE_DEBUG_INFO = NO;
				SDKROOT = iphoneos;
				SWIFT_COMPILATION_MODE = wholemodule;
				SWIFT_OPTIMIZATION_LEVEL = "-O";
				VALIDATE_PRODUCT = YES;
			};
			name = Release;
		};
		8732268C210834B2004ED794 /* Debug */ = {
			isa = XCBuildConfiguration;
			buildSettings = {
				ASSETCATALOG_COMPILER_APPICON_NAME = AppIcon;
				CODE_SIGN_STYLE = Automatic;
				INFOPLIST_FILE = MKTableStatusBackgroundViewExample/Info.plist;
				LD_RUNPATH_SEARCH_PATHS = (
					"$(inherited)",
					"@executable_path/Frameworks",
				);
				PRODUCT_BUNDLE_IDENTIFIER = com.mkonapelsky.MKTableStatusBackgroundViewExample;
				PRODUCT_NAME = "$(TARGET_NAME)";
				SWIFT_VERSION = 4.0;
				TARGETED_DEVICE_FAMILY = "1,2";
			};
			name = Debug;
		};
		8732268D210834B2004ED794 /* Release */ = {
			isa = XCBuildConfiguration;
			buildSettings = {
				ASSETCATALOG_COMPILER_APPICON_NAME = AppIcon;
				CODE_SIGN_STYLE = Automatic;
				INFOPLIST_FILE = MKTableStatusBackgroundViewExample/Info.plist;
				LD_RUNPATH_SEARCH_PATHS = (
					"$(inherited)",
					"@executable_path/Frameworks",
				);
				PRODUCT_BUNDLE_IDENTIFIER = com.mkonapelsky.MKTableStatusBackgroundViewExample;
				PRODUCT_NAME = "$(TARGET_NAME)";
				SWIFT_VERSION = 4.0;
				TARGETED_DEVICE_FAMILY = "1,2";
			};
			name = Release;
		};
/* End XCBuildConfiguration section */

/* Begin XCConfigurationList section */
		87322674210834B1004ED794 /* Build configuration list for PBXProject "MKTableStatusBackgroundViewExample" */ = {
			isa = XCConfigurationList;
			buildConfigurations = (
				87322689210834B2004ED794 /* Debug */,
				8732268A210834B2004ED794 /* Release */,
			);
			defaultConfigurationIsVisible = 0;
			defaultConfigurationName = Release;
		};
		8732268B210834B2004ED794 /* Build configuration list for PBXNativeTarget "MKTableStatusBackgroundViewExample" */ = {
			isa = XCConfigurationList;
			buildConfigurations = (
				8732268C210834B2004ED794 /* Debug */,
				8732268D210834B2004ED794 /* Release */,
			);
			defaultConfigurationIsVisible = 0;
			defaultConfigurationName = Release;
		};
/* End XCConfigurationList section */
	};
	rootObject = 87322671210834B1004ED794 /* Project object */;
}
